{
  "pins" : [
    {
      "identity" : "ios-neumorphism",
      "kind" : "remoteSourceControl",
      "location" : "https://github.com/tarikyasar/ios-neumorphism",
      "state" : {
        "branch" : "main",
        "revision" : "5d6c0b50941a3e7e3f2bfb07dfe814b12fc31285"
      }
    }
  ],
  "version" : 2
}
