// !$*UTF8*$!
{
	archiveVersion = 1;
	classes = {
	};
	objectVersion = 56;
	objects = {

/* Begin PBXBuildFile section */
		71CEC36D28FF080A003DCDE0 /* ios_neumorphism_sampleApp.swift in Sources */ = {isa = PBXBuildFile; fileRef = 71CEC36C28FF080A003DCDE0 /* ios_neumorphism_sampleApp.swift */; };
		71CEC36F28FF080A003DCDE0 /* ContentView.swift in Sources */ = {isa = PBXBuildFile; fileRef = 71CEC36E28FF080A003DCDE0 /* ContentView.swift */; };
		71CEC37128FF080B003DCDE0 /* Assets.xcassets in Resources */ = {isa = PBXBuildFile; fileRef = 71CEC37028FF080B003DCDE0 /* Assets.xcassets */; };
		71CEC37428FF080B003DCDE0 /* Preview Assets.xcassets in Resources */ = {isa = PBXBuildFile; fileRef = 71CEC37328FF080B003DCDE0 /* Preview Assets.xcassets */; };
		71CEC37C28FF084A003DCDE0 /* ios-neumorphism in Frameworks */ = {isa = PBXBuildFile; productRef = 71CEC37B28FF084A003DCDE0 /* ios-neumorphism */; };
		71CEC37E28FF089C003DCDE0 /* Color.swift in Sources */ = {isa = PBXBuildFile; fileRef = 71CEC37D28FF089C003DCDE0 /* Color.swift */; };
		71CEC38128FF16CD003DCDE0 /* DarkNeumorphicViews.swift in Sources */ = {isa = PBXBuildFile; fileRef = 71CEC38028FF16CD003DCDE0 /* DarkNeumorphicViews.swift */; };
		71CEC38328FF16DA003DCDE0 /* LightNeumorphicViews.swift in Sources */ = {isa = PBXBuildFile; fileRef = 71CEC38228FF16DA003DCDE0 /* LightNeumorphicViews.swift */; };
/* End PBXBuildFile section */

/* Begin PBXFileReference section */
		71CEC36928FF080A003DCDE0 /* ios-neumorphism-sample.app */ = {isa = PBXFileReference; explicitFileType = wrapper.application; includeInIndex = 0; path = "ios-neumorphism-sample.app"; sourceTree = BUILT_PRODUCTS_DIR; };
		71CEC36C28FF080A003DCDE0 /* ios_neumorphism_sampleApp.swift */ = {isa = PBXFileReference; lastKnownFileType = sourcecode.swift; path = ios_neumorphism_sampleApp.swift; sourceTree = "<group>"; };
		71CEC36E28FF080A003DCDE0 /* ContentView.swift */ = {isa = PBXFileReference; lastKnownFileType = sourcecode.swift; path = ContentView.swift; sourceTree = "<group>"; };
		71CEC37028FF080B003DCDE0 /* Assets.xcassets */ = {isa = PBXFileReference; lastKnownFileType = folder.assetcatalog; path = Assets.xcassets; sourceTree = "<group>"; };
		71CEC37328FF080B003DCDE0 /* Preview Assets.xcassets */ = {isa = PBXFileReference; lastKnownFileType = folder.assetcatalog; path = "Preview Assets.xcassets"; sourceTree = "<group>"; };
		71CEC37D28FF089C003DCDE0 /* Color.swift */ = {isa = PBXFileReference; lastKnownFileType = sourcecode.swift; path = Color.swift; sourceTree = "<group>"; };
		71CEC38028FF16CD003DCDE0 /* DarkNeumorphicViews.swift */ = {isa = PBXFileReference; lastKnownFileType = sourcecode.swift; path = DarkNeumorphicViews.swift; sourceTree = "<group>"; };
		71CEC38228FF16DA003DCDE0 /* LightNeumorphicViews.swift */ = {isa = PBXFileReference; lastKnownFileType = sourcecode.swift; path = LightNeumorphicViews.swift; sourceTree = "<group>"; };
		71CEC38428FF180F003DCDE0 /* README.md */ = {isa = PBXFileReference; lastKnownFileType = net.daringfireball.markdown; path = README.md; sourceTree = "<group>"; };
/* End PBXFileReference section */

/* Begin PBXFrameworksBuildPhase section */
		71CEC36628FF080A003DCDE0 /* Frameworks */ = {
			isa = PBXFrameworksBuildPhase;
			buildActionMask = 2147483647;
			files = (
				71CEC37C28FF084A003DCDE0 /* ios-neumorphism in Frameworks */,
			);
			runOnlyForDeploymentPostprocessing = 0;
		};
/* End PBXFrameworksBuildPhase section */

/* Begin PBXGroup section */
		71CEC36028FF080A003DCDE0 = {
			isa = PBXGroup;
			children = (
				71CEC36B28FF080A003DCDE0 /* ios-neumorphism-sample */,
				71CEC36A28FF080A003DCDE0 /* Products */,
			);
			sourceTree = "<group>";
		};
		71CEC36A28FF080A003DCDE0 /* Products */ = {
			isa = PBXGroup;
			children = (
				71CEC36928FF080A003DCDE0 /* ios-neumorphism-sample.app */,
			);
			name = Products;
			sourceTree = "<group>";
		};
		71CEC36B28FF080A003DCDE0 /* ios-neumorphism-sample */ = {
			isa = PBXGroup;
			children = (
				71CEC38428FF180F003DCDE0 /* README.md */,
				71CEC37F28FF16C1003DCDE0 /* Views */,
				71CEC36C28FF080A003DCDE0 /* ios_neumorphism_sampleApp.swift */,
				71CEC36E28FF080A003DCDE0 /* ContentView.swift */,
				71CEC37028FF080B003DCDE0 /* Assets.xcassets */,
				71CEC37228FF080B003DCDE0 /* Preview Content */,
				71CEC37D28FF089C003DCDE0 /* Color.swift */,
			);
			path = "ios-neumorphism-sample";
			sourceTree = "<group>";
		};
		71CEC37228FF080B003DCDE0 /* Preview Content */ = {
			isa = PBXGroup;
			children = (
				71CEC37328FF080B003DCDE0 /* Preview Assets.xcassets */,
			);
			path = "Preview Content";
			sourceTree = "<group>";
		};
		71CEC37F28FF16C1003DCDE0 /* Views */ = {
			isa = PBXGroup;
			children = (
				71CEC38028FF16CD003DCDE0 /* DarkNeumorphicViews.swift */,
				71CEC38228FF16DA003DCDE0 /* LightNeumorphicViews.swift */,
			);
			path = Views;
			sourceTree = "<group>";
		};
/* End PBXGroup section */

/* Begin PBXNativeTarget section */
		71CEC36828FF080A003DCDE0 /* ios-neumorphism-sample */ = {
			isa = PBXNativeTarget;
			buildConfigurationList = 71CEC37728FF080B003DCDE0 /* Build configuration list for PBXNativeTarget "ios-neumorphism-sample" */;
			buildPhases = (
				71CEC36528FF080A003DCDE0 /* Sources */,
				71CEC36628FF080A003DCDE0 /* Frameworks */,
				71CEC36728FF080A003DCDE0 /* Resources */,
			);
			buildRules = (
			);
			dependencies = (
			);
			name = "ios-neumorphism-sample";
			packageProductDependencies = (
				71CEC37B28FF084A003DCDE0 /* ios-neumorphism */,
			);
			productName = "ios-neumorphism-sample";
			productReference = 71CEC36928FF080A003DCDE0 /* ios-neumorphism-sample.app */;
			productType = "com.apple.product-type.application";
		};
/* End PBXNativeTarget section */

/* Begin PBXProject section */
		71CEC36128FF080A003DCDE0 /* Project object */ = {
			isa = PBXProject;
			attributes = {
				BuildIndependentTargetsInParallel = 1;
				LastSwiftUpdateCheck = 1400;
				LastUpgradeCheck = 1400;
				TargetAttributes = {
					71CEC36828FF080A003DCDE0 = {
						CreatedOnToolsVersion = 14.0.1;
					};
				};
			};
			buildConfigurationList = 71CEC36428FF080A003DCDE0 /* Build configuration list for PBXProject "ios-neumorphism-sample" */;
			compatibilityVersion = "Xcode 14.0";
			developmentRegion = en;
			hasScannedForEncodings = 0;
			knownRegions = (
				en,
				Base,
			);
			mainGroup = 71CEC36028FF080A003DCDE0;
			packageReferences = (
				71CEC37A28FF084A003DCDE0 /* XCRemoteSwiftPackageReference "ios-neumorphism" */,
			);
			productRefGroup = 71CEC36A28FF080A003DCDE0 /* Products */;
			projectDirPath = "";
			projectRoot = "";
			targets = (
				71CEC36828FF080A003DCDE0 /* ios-neumorphism-sample */,
			);
		};
/* End PBXProject section */

/* Begin PBXResourcesBuildPhase section */
		71CEC36728FF080A003DCDE0 /* Resources */ = {
			isa = PBXResourcesBuildPhase;
			buildActionMask = 2147483647;
			files = (
				71CEC37428FF080B003DCDE0 /* Preview Assets.xcassets in Resources */,
				71CEC37128FF080B003DCDE0 /* Assets.xcassets in Resources */,
			);
			runOnlyForDeploymentPostprocessing = 0;
		};
/* End PBXResourcesBuildPhase section */

/* Begin PBXSourcesBuildPhase section */
		71CEC36528FF080A003DCDE0 /* Sources */ = {
			isa = PBXSourcesBuildPhase;
			buildActionMask = 2147483647;
			files = (
				71CEC36F28FF080A003DCDE0 /* ContentView.swift in Sources */,
				71CEC36D28FF080A003DCDE0 /* ios_neumorphism_sampleApp.swift in Sources */,
				71CEC38128FF16CD003DCDE0 /* DarkNeumorphicViews.swift in Sources */,
				71CEC37E28FF089C003DCDE0 /* Color.swift in Sources */,
				71CEC38328FF16DA003DCDE0 /* LightNeumorphicViews.swift in Sources */,
			);
			runOnlyForDeploymentPostprocessing = 0;
		};
/* End PBXSourcesBuildPhase section */

/* Begin XCBuildConfiguration section */
		71CEC37528FF080B003DCDE0 /* Debug */ = {
			isa = XCBuildConfiguration;
			buildSettings = {
				ALWAYS_SEARCH_USER_PATHS = NO;
				CLANG_ANALYZER_NONNULL = YES;
				CLANG_ANALYZER_NUMBER_OBJECT_CONVERSION = YES_AGGRESSIVE;
				CLANG_CXX_LANGUAGE_STANDARD = "gnu++20";
				CLANG_ENABLE_MODULES = YES;
				CLANG_ENABLE_OBJC_ARC = YES;
				CLANG_ENABLE_OBJC_WEAK = YES;
				CLANG_WARN_BLOCK_CAPTURE_AUTORELEASING = YES;
				CLANG_WARN_BOOL_CONVERSION = YES;
				CLANG_WARN_COMMA = YES;
				CLANG_WARN_CONSTANT_CONVERSION = YES;
				CLANG_WARN_DEPRECATED_OBJC_IMPLEMENTATIONS = YES;
				CLANG_WARN_DIRECT_OBJC_ISA_USAGE = YES_ERROR;
				CLANG_WARN_DOCUMENTATION_COMMENTS = YES;
				CLANG_WARN_EMPTY_BODY = YES;
				CLANG_WARN_ENUM_CONVERSION = YES;
				CLANG_WARN_INFINITE_RECURSION = YES;
				CLANG_WARN_INT_CONVERSION = YES;
				CLANG_WARN_NON_LITERAL_NULL_CONVERSION = YES;
				CLANG_WARN_OBJC_IMPLICIT_RETAIN_SELF = YES;
				CLANG_WARN_OBJC_LITERAL_CONVERSION = YES;
				CLANG_WARN_OBJC_ROOT_CLASS = YES_ERROR;
				CLANG_WARN_QUOTED_INCLUDE_IN_FRAMEWORK_HEADER = YES;
				CLANG_WARN_RANGE_LOOP_ANALYSIS = YES;
				CLANG_WARN_STRICT_PROTOTYPES = YES;
				CLANG_WARN_SUSPICIOUS_MOVE = YES;
				CLANG_WARN_UNGUARDED_AVAILABILITY = YES_AGGRESSIVE;
				CLANG_WARN_UNREACHABLE_CODE = YES;
				CLANG_WARN__DUPLICATE_METHOD_MATCH = YES;
				COPY_PHASE_STRIP = NO;
				DEBUG_INFORMATION_FORMAT = dwarf;
				ENABLE_STRICT_OBJC_MSGSEND = YES;
				ENABLE_TESTABILITY = YES;
				GCC_C_LANGUAGE_STANDARD = gnu11;
				GCC_DYNAMIC_NO_PIC = NO;
				GCC_NO_COMMON_BLOCKS = YES;
				GCC_OPTIMIZATION_LEVEL = 0;
				GCC_PREPROCESSOR_DEFINITIONS = (
					"DEBUG=1",
					"$(inherited)",
				);
				GCC_WARN_64_TO_32_BIT_CONVERSION = YES;
				GCC_WARN_ABOUT_RETURN_TYPE = YES_ERROR;
				GCC_WARN_UNDECLARED_SELECTOR = YES;
				GCC_WARN_UNINITIALIZED_AUTOS = YES_AGGRESSIVE;
				GCC_WARN_UNUSED_FUNCTION = YES;
				GCC_WARN_UNUSED_VARIABLE = YES;
				IPHONEOS_DEPLOYMENT_TARGET = 16.0;
				MTL_ENABLE_DEBUG_INFO = INCLUDE_SOURCE;
				MTL_FAST_MATH = YES;
				ONLY_ACTIVE_ARCH = YES;
				SDKROOT = iphoneos;
				SWIFT_ACTIVE_COMPILATION_CONDITIONS = DEBUG;
				SWIFT_OPTIMIZATION_LEVEL = "-Onone";
			};
			name = Debug;
		};
		71CEC37628FF080B003DCDE0 /* Release */ = {
			isa = XCBuildConfiguration;
			buildSettings = {
				ALWAYS_SEARCH_USER_PATHS = NO;
				CLANG_ANALYZER_NONNULL = YES;
				CLANG_ANALYZER_NUMBER_OBJECT_CONVERSION = YES_AGGRESSIVE;
				CLANG_CXX_LANGUAGE_STANDARD = "gnu++20";
				CLANG_ENABLE_MODULES = YES;
				CLANG_ENABLE_OBJC_ARC = YES;
				CLANG_ENABLE_OBJC_WEAK = YES;
				CLANG_WARN_BLOCK_CAPTURE_AUTORELEASING = YES;
				CLANG_WARN_BOOL_CONVERSION = YES;
				CLANG_WARN_COMMA = YES;
				CLANG_WARN_CONSTANT_CONVERSION = YES;
				CLANG_WARN_DEPRECATED_OBJC_IMPLEMENTATIONS = YES;
				CLANG_WARN_DIRECT_OBJC_ISA_USAGE = YES_ERROR;
				CLANG_WARN_DOCUMENTATION_COMMENTS = YES;
				CLANG_WARN_EMPTY_BODY = YES;
				CLANG_WARN_ENUM_CONVERSION = YES;
				CLANG_WARN_INFINITE_RECURSION = YES;
				CLANG_WARN_INT_CONVERSION = YES;
				CLANG_WARN_NON_LITERAL_NULL_CONVERSION = YES;
				CLANG_WARN_OBJC_IMPLICIT_RETAIN_SELF = YES;
				CLANG_WARN_OBJC_LITERAL_CONVERSION = YES;
				CLANG_WARN_OBJC_ROOT_CLASS = YES_ERROR;
				CLANG_WARN_QUOTED_INCLUDE_IN_FRAMEWORK_HEADER = YES;
				CLANG_WARN_RANGE_LOOP_ANALYSIS = YES;
				CLANG_WARN_STRICT_PROTOTYPES = YES;
				CLANG_WARN_SUSPICIOUS_MOVE = YES;
				CLANG_WARN_UNGUARDED_AVAILABILITY = YES_AGGRESSIVE;
				CLANG_WARN_UNREACHABLE_CODE = YES;
				CLANG_WARN__DUPLICATE_METHOD_MATCH = YES;
				COPY_PHASE_STRIP = NO;
				DEBUG_INFORMATION_FORMAT = "dwarf-with-dsym";
				ENABLE_NS_ASSERTIONS = NO;
				ENABLE_STRICT_OBJC_MSGSEND = YES;
				GCC_C_LANGUAGE_STANDARD = gnu11;
				GCC_NO_COMMON_BLOCKS = YES;
				GCC_WARN_64_TO_32_BIT_CONVERSION = YES;
				GCC_WARN_ABOUT_RETURN_TYPE = YES_ERROR;
				GCC_WARN_UNDECLARED_SELECTOR = YES;
				GCC_WARN_UNINITIALIZED_AUTOS = YES_AGGRESSIVE;
				GCC_WARN_UNUSED_FUNCTION = YES;
				GCC_WARN_UNUSED_VARIABLE = YES;
				IPHONEOS_DEPLOYMENT_TARGET = 16.0;
				MTL_ENABLE_DEBUG_INFO = NO;
				MTL_FAST_MATH = YES;
				SDKROOT = iphoneos;
				SWIFT_COMPILATION_MODE = wholemodule;
				SWIFT_OPTIMIZATION_LEVEL = "-O";
				VALIDATE_PRODUCT = YES;
			};
			name = Release;
		};
		71CEC37828FF080B003DCDE0 /* Debug */ = {
			isa = XCBuildConfiguration;
			buildSettings = {
				ASSETCATALOG_COMPILER_APPICON_NAME = AppIcon;
				ASSETCATALOG_COMPILER_GLOBAL_ACCENT_COLOR_NAME = AccentColor;
				CODE_SIGN_STYLE = Automatic;
				CURRENT_PROJECT_VERSION = 1;
				DEVELOPMENT_ASSET_PATHS = "\"ios-neumorphism-sample/Preview Content\"";
				DEVELOPMENT_TEAM = 9B5UBU5CRL;
				ENABLE_PREVIEWS = YES;
				GENERATE_INFOPLIST_FILE = YES;
				INFOPLIST_KEY_UIApplicationSceneManifest_Generation = YES;
				INFOPLIST_KEY_UIApplicationSupportsIndirectInputEvents = YES;
				INFOPLIST_KEY_UILaunchScreen_Generation = YES;
				INFOPLIST_KEY_UISupportedInterfaceOrientations_iPad = "UIInterfaceOrientationPortrait UIInterfaceOrientationPortraitUpsideDown UIInterfaceOrientationLandscapeLeft UIInterfaceOrientationLandscapeRight";
				INFOPLIST_KEY_UISupportedInterfaceOrientations_iPhone = "UIInterfaceOrientationPortrait UIInterfaceOrientationLandscapeLeft UIInterfaceOrientationLandscapeRight";
				LD_RUNPATH_SEARCH_PATHS = (
					"$(inherited)",
					"@executable_path/Frameworks",
				);
				MARKETING_VERSION = 1.0;
				PRODUCT_BUNDLE_IDENTIFIER = "com.tarikyasar.ios-neumorphism-sample";
				PRODUCT_NAME = "$(TARGET_NAME)";
				SWIFT_EMIT_LOC_STRINGS = YES;
				SWIFT_VERSION = 5.0;
				TARGETED_DEVICE_FAMILY = "1,2";
			};
			name = Debug;
		};
		71CEC37928FF080B003DCDE0 /* Release */ = {
			isa = XCBuildConfiguration;
			buildSettings = {
				ASSETCATALOG_COMPILER_APPICON_NAME = AppIcon;
				ASSETCATALOG_COMPILER_GLOBAL_ACCENT_COLOR_NAME = AccentColor;
				CODE_SIGN_STYLE = Automatic;
				CURRENT_PROJECT_VERSION = 1;
				DEVELOPMENT_ASSET_PATHS = "\"ios-neumorphism-sample/Preview Content\"";
				DEVELOPMENT_TEAM = 9B5UBU5CRL;
				ENABLE_PREVIEWS = YES;
				GENERATE_INFOPLIST_FILE = YES;
				INFOPLIST_KEY_UIApplicationSceneManifest_Generation = YES;
				INFOPLIST_KEY_UIApplicationSupportsIndirectInputEvents = YES;
				INFOPLIST_KEY_UILaunchScreen_Generation = YES;
				INFOPLIST_KEY_UISupportedInterfaceOrientations_iPad = "UIInterfaceOrientationPortrait UIInterfaceOrientationPortraitUpsideDown UIInterfaceOrientationLandscapeLeft UIInterfaceOrientationLandscapeRight";
				INFOPLIST_KEY_UISupportedInterfaceOrientations_iPhone = "UIInterfaceOrientationPortrait UIInterfaceOrientationLandscapeLeft UIInterfaceOrientationLandscapeRight";
				LD_RUNPATH_SEARCH_PATHS = (
					"$(inherited)",
					"@executable_path/Frameworks",
				);
				MARKETING_VERSION = 1.0;
				PRODUCT_BUNDLE_IDENTIFIER = "com.tarikyasar.ios-neumorphism-sample";
				PRODUCT_NAME = "$(TARGET_NAME)";
				SWIFT_EMIT_LOC_STRINGS = YES;
				SWIFT_VERSION = 5.0;
				TARGETED_DEVICE_FAMILY = "1,2";
			};
			name = Release;
		};
/* End XCBuildConfiguration section */

/* Begin XCConfigurationList section */
		71CEC36428FF080A003DCDE0 /* Build configuration list for PBXProject "ios-neumorphism-sample" */ = {
			isa = XCConfigurationList;
			buildConfigurations = (
				71CEC37528FF080B003DCDE0 /* Debug */,
				71CEC37628FF080B003DCDE0 /* Release */,
			);
			defaultConfigurationIsVisible = 0;
			defaultConfigurationName = Release;
		};
		71CEC37728FF080B003DCDE0 /* Build configuration list for PBXNativeTarget "ios-neumorphism-sample" */ = {
			isa = XCConfigurationList;
			buildConfigurations = (
				71CEC37828FF080B003DCDE0 /* Debug */,
				71CEC37928FF080B003DCDE0 /* Release */,
			);
			defaultConfigurationIsVisible = 0;
			defaultConfigurationName = Release;
		};
/* End XCConfigurationList section */

/* Begin XCRemoteSwiftPackageReference section */
		71CEC37A28FF084A003DCDE0 /* XCRemoteSwiftPackageReference "ios-neumorphism" */ = {
			isa = XCRemoteSwiftPackageReference;
			repositoryURL = "https://github.com/tarikyasar/ios-neumorphism";
			requirement = {
				branch = main;
				kind = branch;
			};
		};
/* End XCRemoteSwiftPackageReference section */

/* Begin XCSwiftPackageProductDependency section */
		71CEC37B28FF084A003DCDE0 /* ios-neumorphism */ = {
			isa = XCSwiftPackageProductDependency;
			package = 71CEC37A28FF084A003DCDE0 /* XCRemoteSwiftPackageReference "ios-neumorphism" */;
			productName = "ios-neumorphism";
		};
/* End XCSwiftPackageProductDependency section */
	};
	rootObject = 71CEC36128FF080A003DCDE0 /* Project object */;
}
